
Microsoft Visual Studio Solution File, Format Version 12.00
# Visual Studio Version 17
VisualStudioVersion = 17.5.33424.131
MinimumVisualStudioVersion = 10.0.40219.1
Project("{FAE04EC0-301F-11D3-BF4B-00C04F79EFBC}") = "task 03.29", "task 03.29\task 03.29.csproj", "{512DBC18-9639-4FA7-A69A-47D7129EEB2F}"
EndProject
Global
	GlobalSection(SolutionConfigurationPlatforms) = preSolution
		Debug|Any CPU = Debug|Any CPU
		Release|Any CPU = Release|Any CPU
	EndGlobalSection
	GlobalSection(ProjectConfigurationPlatforms) = postSolution
		{512DBC18-9639-4FA7-A69A-47D7129EEB2F}.Debug|Any CPU.ActiveCfg = Debug|Any CPU
		{512DBC18-9639-4FA7-A69A-47D7129EEB2F}.Debug|Any CPU.Build.0 = Debug|Any CPU
		{512DBC18-9639-4FA7-A69A-47D7129EEB2F}.Release|Any CPU.ActiveCfg = Release|Any CPU
		{512DBC18-9639-4FA7-A69A-47D7129EEB2F}.Release|Any CPU.Build.0 = Release|Any CPU
	EndGlobalSection
	GlobalSection(SolutionProperties) = preSolution
		HideSolutionNode = FALSE
	EndGlobalSection
	GlobalSection(ExtensibilityGlobals) = postSolution
		SolutionGuid = {3E0E91BB-08B2-44CF-A8DA-0B5253D903BD}
	EndGlobalSection
EndGlobal
